
Microsoft Visual Studio Solution File, Format Version 12.00
# Visual Studio Version 16
VisualStudioVersion = 16.0.30804.86
MinimumVisualStudioVersion = 10.0.40219.1
Project("{FAE04EC0-301F-11D3-BF4B-00C04F79EFBC}") = "SMSAPI", "SMSAPI\SMSAPI.csproj", "{2E664F4E-54AB-4E52-BE84-410266FB00A6}"
EndProject
Project("{FAE04EC0-301F-11D3-BF4B-00C04F79EFBC}") = "DBL", "DBL\DBL.csproj", "{8E28B658-080D-426E-91DD-1EF3721904ED}"
EndProject
Global
	GlobalSection(SolutionConfigurationPlatforms) = preSolution
		Debug|Any CPU = Debug|Any CPU
		Release|Any CPU = Release|Any CPU
	EndGlobalSection
	GlobalSection(ProjectConfigurationPlatforms) = postSolution
		{2E664F4E-54AB-4E52-BE84-410266FB00A6}.Debug|Any CPU.ActiveCfg = Debug|Any CPU
		{2E664F4E-54AB-4E52-BE84-410266FB00A6}.Debug|Any CPU.Build.0 = Debug|Any CPU
		{2E664F4E-54AB-4E52-BE84-410266FB00A6}.Release|Any CPU.ActiveCfg = Release|Any CPU
		{2E664F4E-54AB-4E52-BE84-410266FB00A6}.Release|Any CPU.Build.0 = Release|Any CPU
		{8E28B658-080D-426E-91DD-1EF3721904ED}.Debug|Any CPU.ActiveCfg = Debug|Any CPU
		{8E28B658-080D-426E-91DD-1EF3721904ED}.Debug|Any CPU.Build.0 = Debug|Any CPU
		{8E28B658-080D-426E-91DD-1EF3721904ED}.Release|Any CPU.ActiveCfg = Release|Any CPU
		{8E28B658-080D-426E-91DD-1EF3721904ED}.Release|Any CPU.Build.0 = Release|Any CPU
	EndGlobalSection
	GlobalSection(SolutionProperties) = preSolution
		HideSolutionNode = FALSE
	EndGlobalSection
	GlobalSection(ExtensibilityGlobals) = postSolution
		SolutionGuid = {C260876A-D4EE-4738-B0BC-325C59AA6A8C}
	EndGlobalSection
EndGlobal
